// !$*UTF8*$!
{
	archiveVersion = 1;
	classes = {
	};
	objectVersion = 48;
	objects = {

/* Begin PBXBuildFile section */
		ED8A0ED420055CED003EC7F0 /* AppDelegate.swift in Sources */ = {isa = PBXBuildFile; fileRef = ED8A0ED320055CED003EC7F0 /* AppDelegate.swift */; };
		ED8A0ED720055CED003EC7F0 /* Rent_Manager.xcdatamodeld in Sources */ = {isa = PBXBuildFile; fileRef = ED8A0ED520055CED003EC7F0 /* Rent_Manager.xcdatamodeld */; };
		ED8A0ED920055CED003EC7F0 /* MasterViewController.swift in Sources */ = {isa = PBXBuildFile; fileRef = ED8A0ED820055CED003EC7F0 /* MasterViewController.swift */; };
		ED8A0EDB20055CED003EC7F0 /* DetailViewController.swift in Sources */ = {isa = PBXBuildFile; fileRef = ED8A0EDA20055CED003EC7F0 /* DetailViewController.swift */; };
		ED8A0EDE20055CED003EC7F0 /* Main.storyboard in Resources */ = {isa = PBXBuildFile; fileRef = ED8A0EDC20055CED003EC7F0 /* Main.storyboard */; };
		ED8A0EE020055CED003EC7F0 /* Assets.xcassets in Resources */ = {isa = PBXBuildFile; fileRef = ED8A0EDF20055CED003EC7F0 /* Assets.xcassets */; };
		ED8A0EE320055CED003EC7F0 /* LaunchScreen.storyboard in Resources */ = {isa = PBXBuildFile; fileRef = ED8A0EE120055CED003EC7F0 /* LaunchScreen.storyboard */; };
		ED8A0EEE20055CED003EC7F0 /* Rent_ManagerTests.swift in Sources */ = {isa = PBXBuildFile; fileRef = ED8A0EED20055CED003EC7F0 /* Rent_ManagerTests.swift */; };
		ED8A0EF920055CED003EC7F0 /* Rent_ManagerUITests.swift in Sources */ = {isa = PBXBuildFile; fileRef = ED8A0EF820055CED003EC7F0 /* Rent_ManagerUITests.swift */; };
/* End PBXBuildFile section */

/* Begin PBXContainerItemProxy section */
		ED8A0EEA20055CED003EC7F0 /* PBXContainerItemProxy */ = {
			isa = PBXContainerItemProxy;
			containerPortal = ED8A0EC820055CED003EC7F0 /* Project object */;
			proxyType = 1;
			remoteGlobalIDString = ED8A0ECF20055CED003EC7F0;
			remoteInfo = "Rent Manager";
		};
		ED8A0EF520055CED003EC7F0 /* PBXContainerItemProxy */ = {
			isa = PBXContainerItemProxy;
			containerPortal = ED8A0EC820055CED003EC7F0 /* Project object */;
			proxyType = 1;
			remoteGlobalIDString = ED8A0ECF20055CED003EC7F0;
			remoteInfo = "Rent Manager";
		};
/* End PBXContainerItemProxy section */

/* Begin PBXFileReference section */
		ED8A0ED020055CED003EC7F0 /* Rent Manager.app */ = {isa = PBXFileReference; explicitFileType = wrapper.application; includeInIndex = 0; path = "Rent Manager.app"; sourceTree = BUILT_PRODUCTS_DIR; };
		ED8A0ED320055CED003EC7F0 /* AppDelegate.swift */ = {isa = PBXFileReference; lastKnownFileType = sourcecode.swift; path = AppDelegate.swift; sourceTree = "<group>"; };
		ED8A0ED620055CED003EC7F0 /* Rent_Manager.xcdatamodel */ = {isa = PBXFileReference; lastKnownFileType = wrapper.xcdatamodel; path = Rent_Manager.xcdatamodel; sourceTree = "<group>"; };
		ED8A0ED820055CED003EC7F0 /* MasterViewController.swift */ = {isa = PBXFileReference; lastKnownFileType = sourcecode.swift; path = MasterViewController.swift; sourceTree = "<group>"; };
		ED8A0EDA20055CED003EC7F0 /* DetailViewController.swift */ = {isa = PBXFileReference; lastKnownFileType = sourcecode.swift; path = DetailViewController.swift; sourceTree = "<group>"; };
		ED8A0EDD20055CED003EC7F0 /* Base */ = {isa = PBXFileReference; lastKnownFileType = file.storyboard; name = Base; path = Base.lproj/Main.storyboard; sourceTree = "<group>"; };
		ED8A0EDF20055CED003EC7F0 /* Assets.xcassets */ = {isa = PBXFileReference; lastKnownFileType = folder.assetcatalog; path = Assets.xcassets; sourceTree = "<group>"; };
		ED8A0EE220055CED003EC7F0 /* Base */ = {isa = PBXFileReference; lastKnownFileType = file.storyboard; name = Base; path = Base.lproj/LaunchScreen.storyboard; sourceTree = "<group>"; };
		ED8A0EE420055CED003EC7F0 /* Info.plist */ = {isa = PBXFileReference; lastKnownFileType = text.plist.xml; path = Info.plist; sourceTree = "<group>"; };
		ED8A0EE920055CED003EC7F0 /* Rent ManagerTests.xctest */ = {isa = PBXFileReference; explicitFileType = wrapper.cfbundle; includeInIndex = 0; path = "Rent ManagerTests.xctest"; sourceTree = BUILT_PRODUCTS_DIR; };
		ED8A0EED20055CED003EC7F0 /* Rent_ManagerTests.swift */ = {isa = PBXFileReference; lastKnownFileType = sourcecode.swift; path = Rent_ManagerTests.swift; sourceTree = "<group>"; };
		ED8A0EEF20055CED003EC7F0 /* Info.plist */ = {isa = PBXFileReference; lastKnownFileType = text.plist.xml; path = Info.plist; sourceTree = "<group>"; };
		ED8A0EF420055CED003EC7F0 /* Rent ManagerUITests.xctest */ = {isa = PBXFileReference; explicitFileType = wrapper.cfbundle; includeInIndex = 0; path = "Rent ManagerUITests.xctest"; sourceTree = BUILT_PRODUCTS_DIR; };
		ED8A0EF820055CED003EC7F0 /* Rent_ManagerUITests.swift */ = {isa = PBXFileReference; lastKnownFileType = sourcecode.swift; path = Rent_ManagerUITests.swift; sourceTree = "<group>"; };
		ED8A0EFA20055CED003EC7F0 /* Info.plist */ = {isa = PBXFileReference; lastKnownFileType = text.plist.xml; path = Info.plist; sourceTree = "<group>"; };
/* End PBXFileReference section */

/* Begin PBXFrameworksBuildPhase section */
		ED8A0ECD20055CED003EC7F0 /* Frameworks */ = {
			isa = PBXFrameworksBuildPhase;
			buildActionMask = 2147483647;
			files = (
			);
			runOnlyForDeploymentPostprocessing = 0;
		};
		ED8A0EE620055CED003EC7F0 /* Frameworks */ = {
			isa = PBXFrameworksBuildPhase;
			buildActionMask = 2147483647;
			files = (
			);
			runOnlyForDeploymentPostprocessing = 0;
		};
		ED8A0EF120055CED003EC7F0 /* Frameworks */ = {
			isa = PBXFrameworksBuildPhase;
			buildActionMask = 2147483647;
			files = (
			);
			runOnlyForDeploymentPostprocessing = 0;
		};
/* End PBXFrameworksBuildPhase section */

/* Begin PBXGroup section */
		ED8A0EC720055CED003EC7F0 = {
			isa = PBXGroup;
			children = (
				ED8A0ED220055CED003EC7F0 /* Rent Manager */,
				ED8A0EEC20055CED003EC7F0 /* Rent ManagerTests */,
				ED8A0EF720055CED003EC7F0 /* Rent ManagerUITests */,
				ED8A0ED120055CED003EC7F0 /* Products */,
			);
			sourceTree = "<group>";
		};
		ED8A0ED120055CED003EC7F0 /* Products */ = {
			isa = PBXGroup;
			children = (
				ED8A0ED020055CED003EC7F0 /* Rent Manager.app */,
				ED8A0EE920055CED003EC7F0 /* Rent ManagerTests.xctest */,
				ED8A0EF420055CED003EC7F0 /* Rent ManagerUITests.xctest */,
			);
			name = Products;
			sourceTree = "<group>";
		};
		ED8A0ED220055CED003EC7F0 /* Rent Manager */ = {
			isa = PBXGroup;
			children = (
				ED8A0ED320055CED003EC7F0 /* AppDelegate.swift */,
				ED8A0ED820055CED003EC7F0 /* MasterViewController.swift */,
				ED8A0EDA20055CED003EC7F0 /* DetailViewController.swift */,
				ED8A0EDC20055CED003EC7F0 /* Main.storyboard */,
				ED8A0EDF20055CED003EC7F0 /* Assets.xcassets */,
				ED8A0EE120055CED003EC7F0 /* LaunchScreen.storyboard */,
				ED8A0EE420055CED003EC7F0 /* Info.plist */,
				ED8A0ED520055CED003EC7F0 /* Rent_Manager.xcdatamodeld */,
			);
			path = "Rent Manager";
			sourceTree = "<group>";
		};
		ED8A0EEC20055CED003EC7F0 /* Rent ManagerTests */ = {
			isa = PBXGroup;
			children = (
				ED8A0EED20055CED003EC7F0 /* Rent_ManagerTests.swift */,
				ED8A0EEF20055CED003EC7F0 /* Info.plist */,
			);
			path = "Rent ManagerTests";
			sourceTree = "<group>";
		};
		ED8A0EF720055CED003EC7F0 /* Rent ManagerUITests */ = {
			isa = PBXGroup;
			children = (
				ED8A0EF820055CED003EC7F0 /* Rent_ManagerUITests.swift */,
				ED8A0EFA20055CED003EC7F0 /* Info.plist */,
			);
			path = "Rent ManagerUITests";
			sourceTree = "<group>";
		};
/* End PBXGroup section */

/* Begin PBXNativeTarget section */
		ED8A0ECF20055CED003EC7F0 /* Rent Manager */ = {
			isa = PBXNativeTarget;
			buildConfigurationList = ED8A0EFD20055CED003EC7F0 /* Build configuration list for PBXNativeTarget "Rent Manager" */;
			buildPhases = (
				ED8A0ECC20055CED003EC7F0 /* Sources */,
				ED8A0ECD20055CED003EC7F0 /* Frameworks */,
				ED8A0ECE20055CED003EC7F0 /* Resources */,
			);
			buildRules = (
			);
			dependencies = (
			);
			name = "Rent Manager";
			productName = "Rent Manager";
			productReference = ED8A0ED020055CED003EC7F0 /* Rent Manager.app */;
			productType = "com.apple.product-type.application";
		};
		ED8A0EE820055CED003EC7F0 /* Rent ManagerTests */ = {
			isa = PBXNativeTarget;
			buildConfigurationList = ED8A0F0020055CED003EC7F0 /* Build configuration list for PBXNativeTarget "Rent ManagerTests" */;
			buildPhases = (
				ED8A0EE520055CED003EC7F0 /* Sources */,
				ED8A0EE620055CED003EC7F0 /* Frameworks */,
				ED8A0EE720055CED003EC7F0 /* Resources */,
			);
			buildRules = (
			);
			dependencies = (
				ED8A0EEB20055CED003EC7F0 /* PBXTargetDependency */,
			);
			name = "Rent ManagerTests";
			productName = "Rent ManagerTests";
			productReference = ED8A0EE920055CED003EC7F0 /* Rent ManagerTests.xctest */;
			productType = "com.apple.product-type.bundle.unit-test";
		};
		ED8A0EF320055CED003EC7F0 /* Rent ManagerUITests */ = {
			isa = PBXNativeTarget;
			buildConfigurationList = ED8A0F0320055CED003EC7F0 /* Build configuration list for PBXNativeTarget "Rent ManagerUITests" */;
			buildPhases = (
				ED8A0EF020055CED003EC7F0 /* Sources */,
				ED8A0EF120055CED003EC7F0 /* Frameworks */,
				ED8A0EF220055CED003EC7F0 /* Resources */,
			);
			buildRules = (
			);
			dependencies = (
				ED8A0EF620055CED003EC7F0 /* PBXTargetDependency */,
			);
			name = "Rent ManagerUITests";
			productName = "Rent ManagerUITests";
			productReference = ED8A0EF420055CED003EC7F0 /* Rent ManagerUITests.xctest */;
			productType = "com.apple.product-type.bundle.ui-testing";
		};
/* End PBXNativeTarget section */

/* Begin PBXProject section */
		ED8A0EC820055CED003EC7F0 /* Project object */ = {
			isa = PBXProject;
			attributes = {
				LastSwiftUpdateCheck = 0920;
				LastUpgradeCheck = 0920;
				ORGANIZATIONNAME = Shreve.ca;
				TargetAttributes = {
					ED8A0ECF20055CED003EC7F0 = {
						CreatedOnToolsVersion = 9.2;
						ProvisioningStyle = Automatic;
					};
					ED8A0EE820055CED003EC7F0 = {
						CreatedOnToolsVersion = 9.2;
						ProvisioningStyle = Automatic;
						TestTargetID = ED8A0ECF20055CED003EC7F0;
					};
					ED8A0EF320055CED003EC7F0 = {
						CreatedOnToolsVersion = 9.2;
						ProvisioningStyle = Automatic;
						TestTargetID = ED8A0ECF20055CED003EC7F0;
					};
				};
			};
			buildConfigurationList = ED8A0ECB20055CED003EC7F0 /* Build configuration list for PBXProject "Rent Manager" */;
			compatibilityVersion = "Xcode 8.0";
			developmentRegion = en;
			hasScannedForEncodings = 0;
			knownRegions = (
				en,
				Base,
			);
			mainGroup = ED8A0EC720055CED003EC7F0;
			productRefGroup = ED8A0ED120055CED003EC7F0 /* Products */;
			projectDirPath = "";
			projectRoot = "";
			targets = (
				ED8A0ECF20055CED003EC7F0 /* Rent Manager */,
				ED8A0EE820055CED003EC7F0 /* Rent ManagerTests */,
				ED8A0EF320055CED003EC7F0 /* Rent ManagerUITests */,
			);
		};
/* End PBXProject section */

/* Begin PBXResourcesBuildPhase section */
		ED8A0ECE20055CED003EC7F0 /* Resources */ = {
			isa = PBXResourcesBuildPhase;
			buildActionMask = 2147483647;
			files = (
				ED8A0EE320055CED003EC7F0 /* LaunchScreen.storyboard in Resources */,
				ED8A0EE020055CED003EC7F0 /* Assets.xcassets in Resources */,
				ED8A0EDE20055CED003EC7F0 /* Main.storyboard in Resources */,
			);
			runOnlyForDeploymentPostprocessing = 0;
		};
		ED8A0EE720055CED003EC7F0 /* Resources */ = {
			isa = PBXResourcesBuildPhase;
			buildActionMask = 2147483647;
			files = (
			);
			runOnlyForDeploymentPostprocessing = 0;
		};
		ED8A0EF220055CED003EC7F0 /* Resources */ = {
			isa = PBXResourcesBuildPhase;
			buildActionMask = 2147483647;
			files = (
			);
			runOnlyForDeploymentPostprocessing = 0;
		};
/* End PBXResourcesBuildPhase section */

/* Begin PBXSourcesBuildPhase section */
		ED8A0ECC20055CED003EC7F0 /* Sources */ = {
			isa = PBXSourcesBuildPhase;
			buildActionMask = 2147483647;
			files = (
				ED8A0ED720055CED003EC7F0 /* Rent_Manager.xcdatamodeld in Sources */,
				ED8A0ED420055CED003EC7F0 /* AppDelegate.swift in Sources */,
				ED8A0ED920055CED003EC7F0 /* MasterViewController.swift in Sources */,
				ED8A0EDB20055CED003EC7F0 /* DetailViewController.swift in Sources */,
			);
			runOnlyForDeploymentPostprocessing = 0;
		};
		ED8A0EE520055CED003EC7F0 /* Sources */ = {
			isa = PBXSourcesBuildPhase;
			buildActionMask = 2147483647;
			files = (
				ED8A0EEE20055CED003EC7F0 /* Rent_ManagerTests.swift in Sources */,
			);
			runOnlyForDeploymentPostprocessing = 0;
		};
		ED8A0EF020055CED003EC7F0 /* Sources */ = {
			isa = PBXSourcesBuildPhase;
			buildActionMask = 2147483647;
			files = (
				ED8A0EF920055CED003EC7F0 /* Rent_ManagerUITests.swift in Sources */,
			);
			runOnlyForDeploymentPostprocessing = 0;
		};
/* End PBXSourcesBuildPhase section */

/* Begin PBXTargetDependency section */
		ED8A0EEB20055CED003EC7F0 /* PBXTargetDependency */ = {
			isa = PBXTargetDependency;
			target = ED8A0ECF20055CED003EC7F0 /* Rent Manager */;
			targetProxy = ED8A0EEA20055CED003EC7F0 /* PBXContainerItemProxy */;
		};
		ED8A0EF620055CED003EC7F0 /* PBXTargetDependency */ = {
			isa = PBXTargetDependency;
			target = ED8A0ECF20055CED003EC7F0 /* Rent Manager */;
			targetProxy = ED8A0EF520055CED003EC7F0 /* PBXContainerItemProxy */;
		};
/* End PBXTargetDependency section */

/* Begin PBXVariantGroup section */
		ED8A0EDC20055CED003EC7F0 /* Main.storyboard */ = {
			isa = PBXVariantGroup;
			children = (
				ED8A0EDD20055CED003EC7F0 /* Base */,
			);
			name = Main.storyboard;
			sourceTree = "<group>";
		};
		ED8A0EE120055CED003EC7F0 /* LaunchScreen.storyboard */ = {
			isa = PBXVariantGroup;
			children = (
				ED8A0EE220055CED003EC7F0 /* Base */,
			);
			name = LaunchScreen.storyboard;
			sourceTree = "<group>";
		};
/* End PBXVariantGroup section */

/* Begin XCBuildConfiguration section */
		ED8A0EFB20055CED003EC7F0 /* Debug */ = {
			isa = XCBuildConfiguration;
			buildSettings = {
				ALWAYS_SEARCH_USER_PATHS = NO;
				CLANG_ANALYZER_NONNULL = YES;
				CLANG_ANALYZER_NUMBER_OBJECT_CONVERSION = YES_AGGRESSIVE;
				CLANG_CXX_LANGUAGE_STANDARD = "gnu++14";
				CLANG_CXX_LIBRARY = "libc++";
				CLANG_ENABLE_MODULES = YES;
				CLANG_ENABLE_OBJC_ARC = YES;
				CLANG_WARN_BLOCK_CAPTURE_AUTORELEASING = YES;
				CLANG_WARN_BOOL_CONVERSION = YES;
				CLANG_WARN_COMMA = YES;
				CLANG_WARN_CONSTANT_CONVERSION = YES;
				CLANG_WARN_DIRECT_OBJC_ISA_USAGE = YES_ERROR;
				CLANG_WARN_DOCUMENTATION_COMMENTS = YES;
				CLANG_WARN_EMPTY_BODY = YES;
				CLANG_WARN_ENUM_CONVERSION = YES;
				CLANG_WARN_INFINITE_RECURSION = YES;
				CLANG_WARN_INT_CONVERSION = YES;
				CLANG_WARN_NON_LITERAL_NULL_CONVERSION = YES;
				CLANG_WARN_OBJC_LITERAL_CONVERSION = YES;
				CLANG_WARN_OBJC_ROOT_CLASS = YES_ERROR;
				CLANG_WARN_RANGE_LOOP_ANALYSIS = YES;
				CLANG_WARN_STRICT_PROTOTYPES = YES;
				CLANG_WARN_SUSPICIOUS_MOVE = YES;
				CLANG_WARN_UNGUARDED_AVAILABILITY = YES_AGGRESSIVE;
				CLANG_WARN_UNREACHABLE_CODE = YES;
				CLANG_WARN__DUPLICATE_METHOD_MATCH = YES;
				CODE_SIGN_IDENTITY = "iPhone Developer";
				COPY_PHASE_STRIP = NO;
				DEBUG_INFORMATION_FORMAT = dwarf;
				ENABLE_STRICT_OBJC_MSGSEND = YES;
				ENABLE_TESTABILITY = YES;
				GCC_C_LANGUAGE_STANDARD = gnu11;
				GCC_DYNAMIC_NO_PIC = NO;
				GCC_NO_COMMON_BLOCKS = YES;
				GCC_OPTIMIZATION_LEVEL = 0;
				GCC_PREPROCESSOR_DEFINITIONS = (
					"DEBUG=1",
					"$(inherited)",
				);
				GCC_WARN_64_TO_32_BIT_CONVERSION = YES;
				GCC_WARN_ABOUT_RETURN_TYPE = YES_ERROR;
				GCC_WARN_UNDECLARED_SELECTOR = YES;
				GCC_WARN_UNINITIALIZED_AUTOS = YES_AGGRESSIVE;
				GCC_WARN_UNUSED_FUNCTION = YES;
				GCC_WARN_UNUSED_VARIABLE = YES;
				IPHONEOS_DEPLOYMENT_TARGET = 11.2;
				MTL_ENABLE_DEBUG_INFO = YES;
				ONLY_ACTIVE_ARCH = YES;
				SDKROOT = iphoneos;
				SWIFT_ACTIVE_COMPILATION_CONDITIONS = DEBUG;
				SWIFT_OPTIMIZATION_LEVEL = "-Onone";
			};
			name = Debug;
		};
		ED8A0EFC20055CED003EC7F0 /* Release */ = {
			isa = XCBuildConfiguration;
			buildSettings = {
				ALWAYS_SEARCH_USER_PATHS = NO;
				CLANG_ANALYZER_NONNULL = YES;
				CLANG_ANALYZER_NUMBER_OBJECT_CONVERSION = YES_AGGRESSIVE;
				CLANG_CXX_LANGUAGE_STANDARD = "gnu++14";
				CLANG_CXX_LIBRARY = "libc++";
				CLANG_ENABLE_MODULES = YES;
				CLANG_ENABLE_OBJC_ARC = YES;
				CLANG_WARN_BLOCK_CAPTURE_AUTORELEASING = YES;
				CLANG_WARN_BOOL_CONVERSION = YES;
				CLANG_WARN_COMMA = YES;
				CLANG_WARN_CONSTANT_CONVERSION = YES;
				CLANG_WARN_DIRECT_OBJC_ISA_USAGE = YES_ERROR;
				CLANG_WARN_DOCUMENTATION_COMMENTS = YES;
				CLANG_WARN_EMPTY_BODY = YES;
				CLANG_WARN_ENUM_CONVERSION = YES;
				CLANG_WARN_INFINITE_RECURSION = YES;
				CLANG_WARN_INT_CONVERSION = YES;
				CLANG_WARN_NON_LITERAL_NULL_CONVERSION = YES;
				CLANG_WARN_OBJC_LITERAL_CONVERSION = YES;
				CLANG_WARN_OBJC_ROOT_CLASS = YES_ERROR;
				CLANG_WARN_RANGE_LOOP_ANALYSIS = YES;
				CLANG_WARN_STRICT_PROTOTYPES = YES;
				CLANG_WARN_SUSPICIOUS_MOVE = YES;
				CLANG_WARN_UNGUARDED_AVAILABILITY = YES_AGGRESSIVE;
				CLANG_WARN_UNREACHABLE_CODE = YES;
				CLANG_WARN__DUPLICATE_METHOD_MATCH = YES;
				CODE_SIGN_IDENTITY = "iPhone Developer";
				COPY_PHASE_STRIP = NO;
				DEBUG_INFORMATION_FORMAT = "dwarf-with-dsym";
				ENABLE_NS_ASSERTIONS = NO;
				ENABLE_STRICT_OBJC_MSGSEND = YES;
				GCC_C_LANGUAGE_STANDARD = gnu11;
				GCC_NO_COMMON_BLOCKS = YES;
				GCC_WARN_64_TO_32_BIT_CONVERSION = YES;
				GCC_WARN_ABOUT_RETURN_TYPE = YES_ERROR;
				GCC_WARN_UNDECLARED_SELECTOR = YES;
				GCC_WARN_UNINITIALIZED_AUTOS = YES_AGGRESSIVE;
				GCC_WARN_UNUSED_FUNCTION = YES;
				GCC_WARN_UNUSED_VARIABLE = YES;
				IPHONEOS_DEPLOYMENT_TARGET = 11.2;
				MTL_ENABLE_DEBUG_INFO = NO;
				SDKROOT = iphoneos;
				SWIFT_OPTIMIZATION_LEVEL = "-Owholemodule";
				VALIDATE_PRODUCT = YES;
			};
			name = Release;
		};
		ED8A0EFE20055CED003EC7F0 /* Debug */ = {
			isa = XCBuildConfiguration;
			buildSettings = {
				ASSETCATALOG_COMPILER_APPICON_NAME = AppIcon;
				CODE_SIGN_STYLE = Automatic;
				DEVELOPMENT_TEAM = 294FN9LFDB;
				INFOPLIST_FILE = "Rent Manager/Info.plist";
				LD_RUNPATH_SEARCH_PATHS = "$(inherited) @executable_path/Frameworks";
				PRODUCT_BUNDLE_IDENTIFIER = "ca.shreve.Rent-Manager";
				PRODUCT_NAME = "$(TARGET_NAME)";
				SWIFT_VERSION = 4.0;
				TARGETED_DEVICE_FAMILY = "1,2";
			};
			name = Debug;
		};
		ED8A0EFF20055CED003EC7F0 /* Release */ = {
			isa = XCBuildConfiguration;
			buildSettings = {
				ASSETCATALOG_COMPILER_APPICON_NAME = AppIcon;
				CODE_SIGN_STYLE = Automatic;
				DEVELOPMENT_TEAM = 294FN9LFDB;
				INFOPLIST_FILE = "Rent Manager/Info.plist";
				LD_RUNPATH_SEARCH_PATHS = "$(inherited) @executable_path/Frameworks";
				PRODUCT_BUNDLE_IDENTIFIER = "ca.shreve.Rent-Manager";
				PRODUCT_NAME = "$(TARGET_NAME)";
				SWIFT_VERSION = 4.0;
				TARGETED_DEVICE_FAMILY = "1,2";
			};
			name = Release;
		};
		ED8A0F0120055CED003EC7F0 /* Debug */ = {
			isa = XCBuildConfiguration;
			buildSettings = {
				ALWAYS_EMBED_SWIFT_STANDARD_LIBRARIES = YES;
				BUNDLE_LOADER = "$(TEST_HOST)";
				CODE_SIGN_STYLE = Automatic;
				DEVELOPMENT_TEAM = 294FN9LFDB;
				INFOPLIST_FILE = "Rent ManagerTests/Info.plist";
				LD_RUNPATH_SEARCH_PATHS = "$(inherited) @executable_path/Frameworks @loader_path/Frameworks";
				PRODUCT_BUNDLE_IDENTIFIER = "ca.shreve.Rent-ManagerTests";
				PRODUCT_NAME = "$(TARGET_NAME)";
				SWIFT_VERSION = 4.0;
				TARGETED_DEVICE_FAMILY = "1,2";
				TEST_HOST = "$(BUILT_PRODUCTS_DIR)/Rent Manager.app/Rent Manager";
			};
			name = Debug;
		};
		ED8A0F0220055CED003EC7F0 /* Release */ = {
			isa = XCBuildConfiguration;
			buildSettings = {
				ALWAYS_EMBED_SWIFT_STANDARD_LIBRARIES = YES;
				BUNDLE_LOADER = "$(TEST_HOST)";
				CODE_SIGN_STYLE = Automatic;
				DEVELOPMENT_TEAM = 294FN9LFDB;
				INFOPLIST_FILE = "Rent ManagerTests/Info.plist";
				LD_RUNPATH_SEARCH_PATHS = "$(inherited) @executable_path/Frameworks @loader_path/Frameworks";
				PRODUCT_BUNDLE_IDENTIFIER = "ca.shreve.Rent-ManagerTests";
				PRODUCT_NAME = "$(TARGET_NAME)";
				SWIFT_VERSION = 4.0;
				TARGETED_DEVICE_FAMILY = "1,2";
				TEST_HOST = "$(BUILT_PRODUCTS_DIR)/Rent Manager.app/Rent Manager";
			};
			name = Release;
		};
		ED8A0F0420055CED003EC7F0 /* Debug */ = {
			isa = XCBuildConfiguration;
			buildSettings = {
				ALWAYS_EMBED_SWIFT_STANDARD_LIBRARIES = YES;
				CODE_SIGN_STYLE = Automatic;
				DEVELOPMENT_TEAM = 294FN9LFDB;
				INFOPLIST_FILE = "Rent ManagerUITests/Info.plist";
				LD_RUNPATH_SEARCH_PATHS = "$(inherited) @executable_path/Frameworks @loader_path/Frameworks";
				PRODUCT_BUNDLE_IDENTIFIER = "ca.shreve.Rent-ManagerUITests";
				PRODUCT_NAME = "$(TARGET_NAME)";
				SWIFT_VERSION = 4.0;
				TARGETED_DEVICE_FAMILY = "1,2";
				TEST_TARGET_NAME = "Rent Manager";
			};
			name = Debug;
		};
		ED8A0F0520055CED003EC7F0 /* Release */ = {
			isa = XCBuildConfiguration;
			buildSettings = {
				ALWAYS_EMBED_SWIFT_STANDARD_LIBRARIES = YES;
				CODE_SIGN_STYLE = Automatic;
				DEVELOPMENT_TEAM = 294FN9LFDB;
				INFOPLIST_FILE = "Rent ManagerUITests/Info.plist";
				LD_RUNPATH_SEARCH_PATHS = "$(inherited) @executable_path/Frameworks @loader_path/Frameworks";
				PRODUCT_BUNDLE_IDENTIFIER = "ca.shreve.Rent-ManagerUITests";
				PRODUCT_NAME = "$(TARGET_NAME)";
				SWIFT_VERSION = 4.0;
				TARGETED_DEVICE_FAMILY = "1,2";
				TEST_TARGET_NAME = "Rent Manager";
			};
			name = Release;
		};
/* End XCBuildConfiguration section */

/* Begin XCConfigurationList section */
		ED8A0ECB20055CED003EC7F0 /* Build configuration list for PBXProject "Rent Manager" */ = {
			isa = XCConfigurationList;
			buildConfigurations = (
				ED8A0EFB20055CED003EC7F0 /* Debug */,
				ED8A0EFC20055CED003EC7F0 /* Release */,
			);
			defaultConfigurationIsVisible = 0;
			defaultConfigurationName = Release;
		};
		ED8A0EFD20055CED003EC7F0 /* Build configuration list for PBXNativeTarget "Rent Manager" */ = {
			isa = XCConfigurationList;
			buildConfigurations = (
				ED8A0EFE20055CED003EC7F0 /* Debug */,
				ED8A0EFF20055CED003EC7F0 /* Release */,
			);
			defaultConfigurationIsVisible = 0;
			defaultConfigurationName = Release;
		};
		ED8A0F0020055CED003EC7F0 /* Build configuration list for PBXNativeTarget "Rent ManagerTests" */ = {
			isa = XCConfigurationList;
			buildConfigurations = (
				ED8A0F0120055CED003EC7F0 /* Debug */,
				ED8A0F0220055CED003EC7F0 /* Release */,
			);
			defaultConfigurationIsVisible = 0;
			defaultConfigurationName = Release;
		};
		ED8A0F0320055CED003EC7F0 /* Build configuration list for PBXNativeTarget "Rent ManagerUITests" */ = {
			isa = XCConfigurationList;
			buildConfigurations = (
				ED8A0F0420055CED003EC7F0 /* Debug */,
				ED8A0F0520055CED003EC7F0 /* Release */,
			);
			defaultConfigurationIsVisible = 0;
			defaultConfigurationName = Release;
		};
/* End XCConfigurationList section */

/* Begin XCVersionGroup section */
		ED8A0ED520055CED003EC7F0 /* Rent_Manager.xcdatamodeld */ = {
			isa = XCVersionGroup;
			children = (
				ED8A0ED620055CED003EC7F0 /* Rent_Manager.xcdatamodel */,
			);
			currentVersion = ED8A0ED620055CED003EC7F0 /* Rent_Manager.xcdatamodel */;
			path = Rent_Manager.xcdatamodeld;
			sourceTree = "<group>";
			versionGroupType = wrapper.xcdatamodel;
		};
/* End XCVersionGroup section */
	};
	rootObject = ED8A0EC820055CED003EC7F0 /* Project object */;
}
